github.com/aws/aws-sdk-go-v2 v1.40.1 h1:difXb4maDZkRH0x//Qkwcfpdg1XQVXEAEs2DdXldFFc=
github.com/aws/aws-sdk-go-v2 v1.40.1/go.mod h1:MayyLB8y+buD9hZqkCW3kX1AKq07Y5pXxtgB+rRFhz0=
github.com/aws/aws-sdk-go-v2/aws/protocol/eventstream v1.7.4 h1:489krEF9xIGkOaaX3CE/Be2uWjiXrkCH6gUX+bZA/BU=
github.com/aws/aws-sdk-go-v2/aws/protocol/eventstream v1.7.4/go.mod h1:IOAPF6oT9KCsceNTvvYMNHy0+kMF8akOjeDvPENWxp4=
github.com/aws/aws-sdk-go-v2/config v1.32.3 h1:cpz7H2uMNTDa0h/5CYL5dLUEzPSLo2g0NkbxTRJtSSU=
github.com/aws/aws-sdk-go-v2/config v1.32.3/go.mod h1:srtPKaJJe3McW6T/+GMBZyIPc+SeqJsNPJsd4mOYZ6s=
github.com/aws/aws-sdk-go-v2/credentials v1.19.3 h1:01Ym72hK43hjwDeJUfi1l2oYLXBAOR8gNSZNmXmvuas=
github.com/aws/aws-sdk-go-v2/credentials v1.19.3/go.mod h1:55nWF/Sr9Zvls0bGnWkRxUdhzKqj9uRNlPvgV1vgxKc=
github.com/aws/aws-sdk-go-v2/feature/ec2/imds v1.18.15 h1:utxLraaifrSBkeyII9mIbVwXXWrZdlPO7FIKmyLCEcY=
github.com/aws/aws-sdk-go-v2/feature/ec2/imds v1.18.15/go.mod h1:hW6zjYUDQwfz3icf4g2O41PHi77u10oAzJ84iSzR/lo=
github.com/aws/aws-sdk-go-v2/feature/s3/manager v1.20.13 h1:s6/ARIdkx/rp5BDSlDZ2BVI9svqkiURlel6muTLo3rw=
github.com/aws/aws-sdk-go-v2/feature/s3/manager v1.20.13/go.mod h1:1KM+TxVmodlscDCO9fTYyjmDNy5IBSKPapy17XS+Czk=
github.com/aws/aws-sdk-go-v2/internal/configsources v1.4.15 h1:Y5YXgygXwDI5P4RkteB5yF7v35neH7LfJKBG+hzIons=
github.com/aws/aws-sdk-go-v2/internal/configsources v1.4.15/go.mod h1:K+/1EpG42dFSY7CBj+Fruzm8PsCGWTXJ3jdeJ659oGQ=
github.com/aws/aws-sdk-go-v2/internal/endpoints/v2 v2.7.15 h1:AvltKnW9ewxX2hFmQS0FyJH93aSvJVUEFvXfU+HWtSE=
github.com/aws/aws-sdk-go-v2/internal/endpoints/v2 v2.7.15/go.mod h1:3I4oCdZdmgrREhU74qS1dK9yZ62yumob+58AbFR4cQA=
github.com/aws/aws-sdk-go-v2/internal/ini v1.8.4 h1:WKuaxf++XKWlHWu9ECbMlha8WOEGm0OUEZqm4K/Gcfk=
github.com/aws/aws-sdk-go-v2/internal/ini v1.8.4/go.mod h1:ZWy7j6v1vWGmPReu0iSGvRiise4YI5SkR3OHKTZ6Wuc=
github.com/aws/aws-sdk-go-v2/internal/v4a v1.4.15 h1:NLYTEyZmVZo0Qh183sC8nC+ydJXOOeIL/qI/sS3PdLY=
github.com/aws/aws-sdk-go-v2/internal/v4a v1.4.15/go.mod h1:Z803iB3B0bc8oJV8zH2PERLRfQUJ2n2BXISpsA4+O1M=
github.com/aws/aws-sdk-go-v2/service/internal/accept-encoding v1.13.4 h1:0ryTNEdJbzUCEWkVXEXoqlXV72J5keC1GvILMOuD00E=
github.com/aws/aws-sdk-go-v2/service/internal/accept-encoding v1.13.4/go.mod h1:HQ4qwNZh32C3CBeO6iJLQlgtMzqeG17ziAA/3KDJFow=
github.com/aws/aws-sdk-go-v2/service/internal/checksum v1.9.6 h1:P1MU/SuhadGvg2jtviDXPEejU3jBNhoeeAlRadHzvHI=
github.com/aws/aws-sdk-go-v2/service/internal/checksum v1.9.6/go.mod h1:5KYaMG6wmVKMFBSfWoyG/zH8pWwzQFnKgpoSRlXHKdQ=
github.com/aws/aws-sdk-go-v2/service/internal/presigned-url v1.13.15 h1:3/u/4yZOffg5jdNk1sDpOQ4Y+R6Xbh+GzpDrSZjuy3U=
github.com/aws/aws-sdk-go-v2/service/internal/presigned-url v1.13.15/go.mod h1:4Zkjq0FKjE78NKjabuM4tRXKFzUJWXgP0ItEZK8l7JU=
github.com/aws/aws-sdk-go-v2/service/internal/s3shared v1.19.15 h1:wsSQ4SVz5YE1crz0Ap7VBZrV4nNqZt4CIBBT8mnwoNc=
github.com/aws/aws-sdk-go-v2/service/internal/s3shared v1.19.15/go.mod h1:I7sditnFGtYMIqPRU1QoHZAUrXkGp4SczmlLwrNPlD0=
github.com/aws/aws-sdk-go-v2/service/s3 v1.93.0 h1:IrbE3B8O9pm3lsg96AXIN5MXX4pECEuExh/A0Du3AuI=
github.com/aws/aws-sdk-go-v2/service/s3 v1.93.0/go.mod h1:/sJLzHtiiZvs6C1RbxS/anSAFwZD6oC6M/kotQzOiLw=
github.com/aws/aws-sdk-go-v2/service/signin v1.0.3 h1:d/6xOGIllc/XW1lzG9a4AUBMmpLA9PXcQnVPTuHHcik=
github.com/aws/aws-sdk-go-v2/service/signin v1.0.3/go.mod h1:fQ7E7Qj9GiW8y0ClD7cUJk3Bz5Iw8wZkWDHsTe8vDKs=
github.com/aws/aws-sdk-go-v2/service/sso v1.30.6 h1:8sTTiw+9yuNXcfWeqKF2x01GqCF49CpP4Z9nKrrk/ts=
github.com/aws/aws-sdk-go-v2/service/sso v1.30.6/go.mod h1:8WYg+Y40Sn3X2hioaaWAAIngndR8n1XFdRPPX+7QBaM=
github.com/aws/aws-sdk-go-v2/service/ssooidc v1.35.11 h1:E+KqWoVsSrj1tJ6I/fjDIu5xoS2Zacuu1zT+H7KtiIk=
github.com/aws/aws-sdk-go-v2/service/ssooidc v1.35.11/go.mod h1:qyWHz+4lvkXcr3+PoGlGHEI+3DLLiU6/GdrFfMaAhB0=
github.com/aws/aws-sdk-go-v2/service/sts v1.41.3 h1:tzMkjh0yTChUqJDgGkcDdxvZDSrJ/WB6R6ymI5ehqJI=
github.com/aws/aws-sdk-go-v2/service/sts v1.41.3/go.mod h1:T270C0R5sZNLbWUe8ueiAF42XSZxxPocTaGSgs5c/60=
github.com/aws/smithy-go v1.24.0 h1:LpilSUItNPFr1eY85RYgTIg5eIEPtvFbskaFcmmIUnk=
github.com/aws/smithy-go v1.24.0/go.mod h1:LEj2LM3rBRQJxPZTB4KuzZkaZYnZPnvgIhb4pu07mx0=
github.com/gabriel-vasile/mimetype v1.4.11 h1:AQvxbp830wPhHTqc1u7nzoLT+ZFxGY7emj5DR5DYFik=
github.com/gabriel-vasile/mimetype v1.4.11/go.mod h1:d+9Oxyo1wTzWdyVUPMmXFvp4F9tea18J8ufA774AB3s=
